
Microsoft Visual Studio Solution File, Format Version 12.00
# Visual Studio 15
VisualStudioVersion = 15.0.27428.2015
MinimumVisualStudioVersion = 10.0.40219.1
Project("{2150E333-8FDC-42A3-9474-1A3956D46DE8}") = "src", "src", "{B854229E-8C13-46FB-84FB-C69A4AE99C16}"
EndProject
Project("{2150E333-8FDC-42A3-9474-1A3956D46DE8}") = "test", "test", "{BFF00AC4-F247-47C2-A828-95324B16FECD}"
EndProject
Project("{9A19103F-16F7-4668-BE54-9A1E7A4F7556}") = "StatlerWaldorfCorp.TeamService", "StatlerWaldorfCorp.TeamService\StatlerWaldorfCorp.TeamService.csproj", "{1F694FE1-1F76-44FE-89E0-8031959D3566}"
EndProject
Project("{9A19103F-16F7-4668-BE54-9A1E7A4F7556}") = "StatlerWaldorfCorp.TeamService.Tests", "StatlerWaldorfCorp.TeamService.Tests\StatlerWaldorfCorp.TeamService.Tests.csproj", "{85FD5682-9E9F-424A-B9E5-865B6F998E64}"
EndProject
Project("{FAE04EC0-301F-11D3-BF4B-00C04F79EFBC}") = "StatlerWaldorfCorp.TeamService.Tests.Integration", "StatlerWaldorfCorp.TeamService.Tests.Integration\StatlerWaldorfCorp.TeamService.Tests.Integration.csproj", "{062C2EBD-8A9E-43AD-B255-AD31380F4669}"
EndProject
Global
	GlobalSection(SolutionConfigurationPlatforms) = preSolution
		Debug|Any CPU = Debug|Any CPU
		Release|Any CPU = Release|Any CPU
	EndGlobalSection
	GlobalSection(ProjectConfigurationPlatforms) = postSolution
		{1F694FE1-1F76-44FE-89E0-8031959D3566}.Debug|Any CPU.ActiveCfg = Debug|Any CPU
		{1F694FE1-1F76-44FE-89E0-8031959D3566}.Debug|Any CPU.Build.0 = Debug|Any CPU
		{1F694FE1-1F76-44FE-89E0-8031959D3566}.Release|Any CPU.ActiveCfg = Release|Any CPU
		{1F694FE1-1F76-44FE-89E0-8031959D3566}.Release|Any CPU.Build.0 = Release|Any CPU
		{85FD5682-9E9F-424A-B9E5-865B6F998E64}.Debug|Any CPU.ActiveCfg = Debug|Any CPU
		{85FD5682-9E9F-424A-B9E5-865B6F998E64}.Debug|Any CPU.Build.0 = Debug|Any CPU
		{85FD5682-9E9F-424A-B9E5-865B6F998E64}.Release|Any CPU.ActiveCfg = Release|Any CPU
		{85FD5682-9E9F-424A-B9E5-865B6F998E64}.Release|Any CPU.Build.0 = Release|Any CPU
		{062C2EBD-8A9E-43AD-B255-AD31380F4669}.Debug|Any CPU.ActiveCfg = Debug|Any CPU
		{062C2EBD-8A9E-43AD-B255-AD31380F4669}.Debug|Any CPU.Build.0 = Debug|Any CPU
		{062C2EBD-8A9E-43AD-B255-AD31380F4669}.Release|Any CPU.ActiveCfg = Release|Any CPU
		{062C2EBD-8A9E-43AD-B255-AD31380F4669}.Release|Any CPU.Build.0 = Release|Any CPU
	EndGlobalSection
	GlobalSection(SolutionProperties) = preSolution
		HideSolutionNode = FALSE
	EndGlobalSection
	GlobalSection(NestedProjects) = preSolution
		{1F694FE1-1F76-44FE-89E0-8031959D3566} = {B854229E-8C13-46FB-84FB-C69A4AE99C16}
		{85FD5682-9E9F-424A-B9E5-865B6F998E64} = {BFF00AC4-F247-47C2-A828-95324B16FECD}
		{062C2EBD-8A9E-43AD-B255-AD31380F4669} = {BFF00AC4-F247-47C2-A828-95324B16FECD}
	EndGlobalSection
	GlobalSection(ExtensibilityGlobals) = postSolution
		SolutionGuid = {E39B019F-9AD6-4311-9830-4E8D19957E8C}
	EndGlobalSection
EndGlobal
